
Microsoft Visual Studio Solution File, Format Version 12.00
# Visual Studio Version 17
VisualStudioVersion = 17.2.32505.173
MinimumVisualStudioVersion = 10.0.40219.1
Project("{FAE04EC0-301F-11D3-BF4B-00C04F79EFBC}") = "WPFFILIPPOV_PR3_YPRAKTIKA", "WPFFILIPPOV_PR3_YPRAKTIKA\WPFFILIPPOV_PR3_YPRAKTIKA.csproj", "{F7483F46-BDF2-4269-9723-6CBADB6E9BD0}"
EndProject
Global
	GlobalSection(SolutionConfigurationPlatforms) = preSolution
		Debug|Any CPU = Debug|Any CPU
		Release|Any CPU = Release|Any CPU
	EndGlobalSection
	GlobalSection(ProjectConfigurationPlatforms) = postSolution
		{F7483F46-BDF2-4269-9723-6CBADB6E9BD0}.Debug|Any CPU.ActiveCfg = Debug|Any CPU
		{F7483F46-BDF2-4269-9723-6CBADB6E9BD0}.Debug|Any CPU.Build.0 = Debug|Any CPU
		{F7483F46-BDF2-4269-9723-6CBADB6E9BD0}.Release|Any CPU.ActiveCfg = Release|Any CPU
		{F7483F46-BDF2-4269-9723-6CBADB6E9BD0}.Release|Any CPU.Build.0 = Release|Any CPU
	EndGlobalSection
	GlobalSection(SolutionProperties) = preSolution
		HideSolutionNode = FALSE
	EndGlobalSection
	GlobalSection(ExtensibilityGlobals) = postSolution
		SolutionGuid = {32C6B599-F9DC-4173-AC19-3C96ABA3FA77}
	EndGlobalSection
EndGlobal
